// !$*UTF8*$!
{
	archiveVersion = 1;
	classes = {
	};
	objectVersion = 56;
	objects = {

/* Begin PBXBuildFile section */
		544B1F9A2CE3EA5F00887AAA /* WeatherStatusTests.swift in Sources */ = {isa = PBXBuildFile; fileRef = 544B1F992CE3EA5F00887AAA /* WeatherStatusTests.swift */; };
		54EB374F2CB26000008B4EBF /* WeatherStatusApp.swift in Sources */ = {isa = PBXBuildFile; fileRef = 54EB374E2CB26000008B4EBF /* WeatherStatusApp.swift */; };
		54EB37512CB26000008B4EBF /* ContentView.swift in Sources */ = {isa = PBXBuildFile; fileRef = 54EB37502CB26000008B4EBF /* ContentView.swift */; };
		54EB37532CB26002008B4EBF /* Assets.xcassets in Resources */ = {isa = PBXBuildFile; fileRef = 54EB37522CB26002008B4EBF /* Assets.xcassets */; };
		54EB37562CB26002008B4EBF /* Preview Assets.xcassets in Resources */ = {isa = PBXBuildFile; fileRef = 54EB37552CB26002008B4EBF /* Preview Assets.xcassets */; };
		54EB37632CB2611E008B4EBF /* DependencyInjectionContainer.swift in Sources */ = {isa = PBXBuildFile; fileRef = 54EB37622CB2611E008B4EBF /* DependencyInjectionContainer.swift */; };
		54EB37662CB2635D008B4EBF /* Weather.swift in Sources */ = {isa = PBXBuildFile; fileRef = 54EB37652CB2635D008B4EBF /* Weather.swift */; };
		54EB376A2CB26406008B4EBF /* WeatherService.swift in Sources */ = {isa = PBXBuildFile; fileRef = 54EB37692CB26406008B4EBF /* WeatherService.swift */; };
		54EB376E2CB264B2008B4EBF /* WeatherData.swift in Sources */ = {isa = PBXBuildFile; fileRef = 54EB376D2CB264B2008B4EBF /* WeatherData.swift */; };
		54EB37712CB2668B008B4EBF /* WeatherRepository.swift in Sources */ = {isa = PBXBuildFile; fileRef = 54EB37702CB2668B008B4EBF /* WeatherRepository.swift */; };
		54EB37732CB26853008B4EBF /* WeatherUseCases.swift in Sources */ = {isa = PBXBuildFile; fileRef = 54EB37722CB26853008B4EBF /* WeatherUseCases.swift */; };
		54EB37762CB26938008B4EBF /* WeatherViewModel.swift in Sources */ = {isa = PBXBuildFile; fileRef = 54EB37752CB26938008B4EBF /* WeatherViewModel.swift */; };
		54EB377A2CB26A73008B4EBF /* WeatherView.swift in Sources */ = {isa = PBXBuildFile; fileRef = 54EB37792CB26A73008B4EBF /* WeatherView.swift */; };
/* End PBXBuildFile section */

/* Begin PBXContainerItemProxy section */
		544B1F9B2CE3EA5F00887AAA /* PBXContainerItemProxy */ = {
			isa = PBXContainerItemProxy;
			containerPortal = 54EB37432CB26000008B4EBF /* Project object */;
			proxyType = 1;
			remoteGlobalIDString = 54EB374A2CB26000008B4EBF;
			remoteInfo = WeatherStatus;
		};
/* End PBXContainerItemProxy section */

/* Begin PBXFileReference section */
		544B1F972CE3EA5F00887AAA /* WeatherStatusTests.xctest */ = {isa = PBXFileReference; explicitFileType = wrapper.cfbundle; includeInIndex = 0; path = WeatherStatusTests.xctest; sourceTree = BUILT_PRODUCTS_DIR; };
		544B1F992CE3EA5F00887AAA /* WeatherStatusTests.swift */ = {isa = PBXFileReference; lastKnownFileType = sourcecode.swift; path = WeatherStatusTests.swift; sourceTree = "<group>"; };
		54EB374B2CB26000008B4EBF /* WeatherStatus.app */ = {isa = PBXFileReference; explicitFileType = wrapper.application; includeInIndex = 0; path = WeatherStatus.app; sourceTree = BUILT_PRODUCTS_DIR; };
		54EB374E2CB26000008B4EBF /* WeatherStatusApp.swift */ = {isa = PBXFileReference; lastKnownFileType = sourcecode.swift; path = WeatherStatusApp.swift; sourceTree = "<group>"; };
		54EB37502CB26000008B4EBF /* ContentView.swift */ = {isa = PBXFileReference; lastKnownFileType = sourcecode.swift; path = ContentView.swift; sourceTree = "<group>"; };
		54EB37522CB26002008B4EBF /* Assets.xcassets */ = {isa = PBXFileReference; lastKnownFileType = folder.assetcatalog; path = Assets.xcassets; sourceTree = "<group>"; };
		54EB37552CB26002008B4EBF /* Preview Assets.xcassets */ = {isa = PBXFileReference; lastKnownFileType = folder.assetcatalog; path = "Preview Assets.xcassets"; sourceTree = "<group>"; };
		54EB37622CB2611E008B4EBF /* DependencyInjectionContainer.swift */ = {isa = PBXFileReference; lastKnownFileType = sourcecode.swift; path = DependencyInjectionContainer.swift; sourceTree = "<group>"; };
		54EB37652CB2635D008B4EBF /* Weather.swift */ = {isa = PBXFileReference; lastKnownFileType = sourcecode.swift; path = Weather.swift; sourceTree = "<group>"; };
		54EB37692CB26406008B4EBF /* WeatherService.swift */ = {isa = PBXFileReference; lastKnownFileType = sourcecode.swift; path = WeatherService.swift; sourceTree = "<group>"; };
		54EB376D2CB264B2008B4EBF /* WeatherData.swift */ = {isa = PBXFileReference; lastKnownFileType = sourcecode.swift; path = WeatherData.swift; sourceTree = "<group>"; };
		54EB37702CB2668B008B4EBF /* WeatherRepository.swift */ = {isa = PBXFileReference; lastKnownFileType = sourcecode.swift; path = WeatherRepository.swift; sourceTree = "<group>"; };
		54EB37722CB26853008B4EBF /* WeatherUseCases.swift */ = {isa = PBXFileReference; lastKnownFileType = sourcecode.swift; path = WeatherUseCases.swift; sourceTree = "<group>"; };
		54EB37752CB26938008B4EBF /* WeatherViewModel.swift */ = {isa = PBXFileReference; lastKnownFileType = sourcecode.swift; path = WeatherViewModel.swift; sourceTree = "<group>"; };
		54EB37792CB26A73008B4EBF /* WeatherView.swift */ = {isa = PBXFileReference; lastKnownFileType = sourcecode.swift; path = WeatherView.swift; sourceTree = "<group>"; };
/* End PBXFileReference section */

/* Begin PBXFrameworksBuildPhase section */
		544B1F942CE3EA5F00887AAA /* Frameworks */ = {
			isa = PBXFrameworksBuildPhase;
			buildActionMask = 2147483647;
			files = (
			);
			runOnlyForDeploymentPostprocessing = 0;
		};
		54EB37482CB26000008B4EBF /* Frameworks */ = {
			isa = PBXFrameworksBuildPhase;
			buildActionMask = 2147483647;
			files = (
			);
			runOnlyForDeploymentPostprocessing = 0;
		};
/* End PBXFrameworksBuildPhase section */

/* Begin PBXGroup section */
		544B1F982CE3EA5F00887AAA /* WeatherStatusTests */ = {
			isa = PBXGroup;
			children = (
				544B1F992CE3EA5F00887AAA /* WeatherStatusTests.swift */,
			);
			path = WeatherStatusTests;
			sourceTree = "<group>";
		};
		54EB37422CB26000008B4EBF = {
			isa = PBXGroup;
			children = (
				54EB374D2CB26000008B4EBF /* WeatherStatus */,
				544B1F982CE3EA5F00887AAA /* WeatherStatusTests */,
				54EB374C2CB26000008B4EBF /* Products */,
			);
			sourceTree = "<group>";
		};
		54EB374C2CB26000008B4EBF /* Products */ = {
			isa = PBXGroup;
			children = (
				54EB374B2CB26000008B4EBF /* WeatherStatus.app */,
				544B1F972CE3EA5F00887AAA /* WeatherStatusTests.xctest */,
			);
			name = Products;
			sourceTree = "<group>";
		};
		54EB374D2CB26000008B4EBF /* WeatherStatus */ = {
			isa = PBXGroup;
			children = (
				54EB37772CB26A22008B4EBF /* UILayer */,
				54EB37602CB260BB008B4EBF /* Utilities */,
				54EB375F2CB26093008B4EBF /* DataLayer */,
				54EB375E2CB26029008B4EBF /* PresentationLayer */,
				54EB375D2CB2601C008B4EBF /* Interactor */,
				54EB375C2CB2600B008B4EBF /* DomainLayer */,
				54EB374E2CB26000008B4EBF /* WeatherStatusApp.swift */,
				54EB37502CB26000008B4EBF /* ContentView.swift */,
				54EB37522CB26002008B4EBF /* Assets.xcassets */,
				54EB37542CB26002008B4EBF /* Preview Content */,
			);
			path = WeatherStatus;
			sourceTree = "<group>";
		};
		54EB37542CB26002008B4EBF /* Preview Content */ = {
			isa = PBXGroup;
			children = (
				54EB37552CB26002008B4EBF /* Preview Assets.xcassets */,
			);
			path = "Preview Content";
			sourceTree = "<group>";
		};
		54EB375C2CB2600B008B4EBF /* DomainLayer */ = {
			isa = PBXGroup;
			children = (
				54EB376B2CB26482008B4EBF /* DTO */,
				54EB37642CB26346008B4EBF /* Entities */,
			);
			path = DomainLayer;
			sourceTree = "<group>";
		};
		54EB375D2CB2601C008B4EBF /* Interactor */ = {
			isa = PBXGroup;
			children = (
				54EB37672CB263B4008B4EBF /* UserCases */,
			);
			path = Interactor;
			sourceTree = "<group>";
		};
		54EB375E2CB26029008B4EBF /* PresentationLayer */ = {
			isa = PBXGroup;
			children = (
				54EB37742CB26920008B4EBF /* WeatherViewModel */,
			);
			path = PresentationLayer;
			sourceTree = "<group>";
		};
		54EB375F2CB26093008B4EBF /* DataLayer */ = {
			isa = PBXGroup;
			children = (
				54EB376F2CB26668008B4EBF /* Repository */,
				54EB37682CB263DC008B4EBF /* APIServices */,
			);
			path = DataLayer;
			sourceTree = "<group>";
		};
		54EB37602CB260BB008B4EBF /* Utilities */ = {
			isa = PBXGroup;
			children = (
				54EB37612CB260F8008B4EBF /* DIContainer */,
			);
			path = Utilities;
			sourceTree = "<group>";
		};
		54EB37612CB260F8008B4EBF /* DIContainer */ = {
			isa = PBXGroup;
			children = (
				54EB37622CB2611E008B4EBF /* DependencyInjectionContainer.swift */,
			);
			name = DIContainer;
			sourceTree = "<group>";
		};
		54EB37642CB26346008B4EBF /* Entities */ = {
			isa = PBXGroup;
			children = (
				54EB37652CB2635D008B4EBF /* Weather.swift */,
			);
			path = Entities;
			sourceTree = "<group>";
		};
		54EB37672CB263B4008B4EBF /* UserCases */ = {
			isa = PBXGroup;
			children = (
				54EB37722CB26853008B4EBF /* WeatherUseCases.swift */,
			);
			path = UserCases;
			sourceTree = "<group>";
		};
		54EB37682CB263DC008B4EBF /* APIServices */ = {
			isa = PBXGroup;
			children = (
				54EB37692CB26406008B4EBF /* WeatherService.swift */,
			);
			path = APIServices;
			sourceTree = "<group>";
		};
		54EB376B2CB26482008B4EBF /* DTO */ = {
			isa = PBXGroup;
			children = (
				54EB376C2CB26498008B4EBF /* WeatherData */,
			);
			path = DTO;
			sourceTree = "<group>";
		};
		54EB376C2CB26498008B4EBF /* WeatherData */ = {
			isa = PBXGroup;
			children = (
				54EB376D2CB264B2008B4EBF /* WeatherData.swift */,
			);
			path = WeatherData;
			sourceTree = "<group>";
		};
		54EB376F2CB26668008B4EBF /* Repository */ = {
			isa = PBXGroup;
			children = (
				54EB37702CB2668B008B4EBF /* WeatherRepository.swift */,
			);
			path = Repository;
			sourceTree = "<group>";
		};
		54EB37742CB26920008B4EBF /* WeatherViewModel */ = {
			isa = PBXGroup;
			children = (
				54EB37752CB26938008B4EBF /* WeatherViewModel.swift */,
			);
			path = WeatherViewModel;
			sourceTree = "<group>";
		};
		54EB37772CB26A22008B4EBF /* UILayer */ = {
			isa = PBXGroup;
			children = (
				54EB37782CB26A5D008B4EBF /* WeatherView */,
			);
			path = UILayer;
			sourceTree = "<group>";
		};
		54EB37782CB26A5D008B4EBF /* WeatherView */ = {
			isa = PBXGroup;
			children = (
				54EB37792CB26A73008B4EBF /* WeatherView.swift */,
			);
			path = WeatherView;
			sourceTree = "<group>";
		};
/* End PBXGroup section */

/* Begin PBXNativeTarget section */
		544B1F962CE3EA5F00887AAA /* WeatherStatusTests */ = {
			isa = PBXNativeTarget;
			buildConfigurationList = 544B1F9F2CE3EA5F00887AAA /* Build configuration list for PBXNativeTarget "WeatherStatusTests" */;
			buildPhases = (
				544B1F932CE3EA5F00887AAA /* Sources */,
				544B1F942CE3EA5F00887AAA /* Frameworks */,
				544B1F952CE3EA5F00887AAA /* Resources */,
			);
			buildRules = (
			);
			dependencies = (
				544B1F9C2CE3EA5F00887AAA /* PBXTargetDependency */,
			);
			name = WeatherStatusTests;
			productName = WeatherStatusTests;
			productReference = 544B1F972CE3EA5F00887AAA /* WeatherStatusTests.xctest */;
			productType = "com.apple.product-type.bundle.unit-test";
		};
		54EB374A2CB26000008B4EBF /* WeatherStatus */ = {
			isa = PBXNativeTarget;
			buildConfigurationList = 54EB37592CB26002008B4EBF /* Build configuration list for PBXNativeTarget "WeatherStatus" */;
			buildPhases = (
				54EB37472CB26000008B4EBF /* Sources */,
				54EB37482CB26000008B4EBF /* Frameworks */,
				54EB37492CB26000008B4EBF /* Resources */,
			);
			buildRules = (
			);
			dependencies = (
			);
			name = WeatherStatus;
			productName = WeatherStatus;
			productReference = 54EB374B2CB26000008B4EBF /* WeatherStatus.app */;
			productType = "com.apple.product-type.application";
		};
/* End PBXNativeTarget section */

/* Begin PBXProject section */
		54EB37432CB26000008B4EBF /* Project object */ = {
			isa = PBXProject;
			attributes = {
				BuildIndependentTargetsInParallel = 1;
				LastSwiftUpdateCheck = 1500;
				LastUpgradeCheck = 1500;
				TargetAttributes = {
					544B1F962CE3EA5F00887AAA = {
						CreatedOnToolsVersion = 15.0.1;
						TestTargetID = 54EB374A2CB26000008B4EBF;
					};
					54EB374A2CB26000008B4EBF = {
						CreatedOnToolsVersion = 15.0.1;
					};
				};
			};
			buildConfigurationList = 54EB37462CB26000008B4EBF /* Build configuration list for PBXProject "WeatherStatus" */;
			compatibilityVersion = "Xcode 14.0";
			developmentRegion = en;
			hasScannedForEncodings = 0;
			knownRegions = (
				en,
				Base,
			);
			mainGroup = 54EB37422CB26000008B4EBF;
			productRefGroup = 54EB374C2CB26000008B4EBF /* Products */;
			projectDirPath = "";
			projectRoot = "";
			targets = (
				54EB374A2CB26000008B4EBF /* WeatherStatus */,
				544B1F962CE3EA5F00887AAA /* WeatherStatusTests */,
			);
		};
/* End PBXProject section */

/* Begin PBXResourcesBuildPhase section */
		544B1F952CE3EA5F00887AAA /* Resources */ = {
			isa = PBXResourcesBuildPhase;
			buildActionMask = 2147483647;
			files = (
			);
			runOnlyForDeploymentPostprocessing = 0;
		};
		54EB37492CB26000008B4EBF /* Resources */ = {
			isa = PBXResourcesBuildPhase;
			buildActionMask = 2147483647;
			files = (
				54EB37562CB26002008B4EBF /* Preview Assets.xcassets in Resources */,
				54EB37532CB26002008B4EBF /* Assets.xcassets in Resources */,
			);
			runOnlyForDeploymentPostprocessing = 0;
		};
/* End PBXResourcesBuildPhase section */

/* Begin PBXSourcesBuildPhase section */
		544B1F932CE3EA5F00887AAA /* Sources */ = {
			isa = PBXSourcesBuildPhase;
			buildActionMask = 2147483647;
			files = (
				544B1F9A2CE3EA5F00887AAA /* WeatherStatusTests.swift in Sources */,
			);
			runOnlyForDeploymentPostprocessing = 0;
		};
		54EB37472CB26000008B4EBF /* Sources */ = {
			isa = PBXSourcesBuildPhase;
			buildActionMask = 2147483647;
			files = (
				54EB37712CB2668B008B4EBF /* WeatherRepository.swift in Sources */,
				54EB37762CB26938008B4EBF /* WeatherViewModel.swift in Sources */,
				54EB376A2CB26406008B4EBF /* WeatherService.swift in Sources */,
				54EB37662CB2635D008B4EBF /* Weather.swift in Sources */,
				54EB37632CB2611E008B4EBF /* DependencyInjectionContainer.swift in Sources */,
				54EB377A2CB26A73008B4EBF /* WeatherView.swift in Sources */,
				54EB37732CB26853008B4EBF /* WeatherUseCases.swift in Sources */,
				54EB37512CB26000008B4EBF /* ContentView.swift in Sources */,
				54EB376E2CB264B2008B4EBF /* WeatherData.swift in Sources */,
				54EB374F2CB26000008B4EBF /* WeatherStatusApp.swift in Sources */,
			);
			runOnlyForDeploymentPostprocessing = 0;
		};
/* End PBXSourcesBuildPhase section */

/* Begin PBXTargetDependency section */
		544B1F9C2CE3EA5F00887AAA /* PBXTargetDependency */ = {
			isa = PBXTargetDependency;
			target = 54EB374A2CB26000008B4EBF /* WeatherStatus */;
			targetProxy = 544B1F9B2CE3EA5F00887AAA /* PBXContainerItemProxy */;
		};
/* End PBXTargetDependency section */

/* Begin XCBuildConfiguration section */
		544B1F9D2CE3EA5F00887AAA /* Debug */ = {
			isa = XCBuildConfiguration;
			buildSettings = {
				BUNDLE_LOADER = "$(TEST_HOST)";
				CODE_SIGN_STYLE = Automatic;
				CURRENT_PROJECT_VERSION = 1;
				DEVELOPMENT_TEAM = 4L2MSKX5Q6;
				GENERATE_INFOPLIST_FILE = YES;
				MARKETING_VERSION = 1.0;
				PRODUCT_BUNDLE_IDENTIFIER = com.mdo.ios.mdo.WeatherStatusTests;
				PRODUCT_NAME = "$(TARGET_NAME)";
				SWIFT_EMIT_LOC_STRINGS = NO;
				SWIFT_VERSION = 5.0;
				TARGETED_DEVICE_FAMILY = "1,2";
				TEST_HOST = "$(BUILT_PRODUCTS_DIR)/WeatherStatus.app/$(BUNDLE_EXECUTABLE_FOLDER_PATH)/WeatherStatus";
			};
			name = Debug;
		};
		544B1F9E2CE3EA5F00887AAA /* Release */ = {
			isa = XCBuildConfiguration;
			buildSettings = {
				BUNDLE_LOADER = "$(TEST_HOST)";
				CODE_SIGN_STYLE = Automatic;
				CURRENT_PROJECT_VERSION = 1;
				DEVELOPMENT_TEAM = 4L2MSKX5Q6;
				GENERATE_INFOPLIST_FILE = YES;
				MARKETING_VERSION = 1.0;
				PRODUCT_BUNDLE_IDENTIFIER = com.mdo.ios.mdo.WeatherStatusTests;
				PRODUCT_NAME = "$(TARGET_NAME)";
				SWIFT_EMIT_LOC_STRINGS = NO;
				SWIFT_VERSION = 5.0;
				TARGETED_DEVICE_FAMILY = "1,2";
				TEST_HOST = "$(BUILT_PRODUCTS_DIR)/WeatherStatus.app/$(BUNDLE_EXECUTABLE_FOLDER_PATH)/WeatherStatus";
			};
			name = Release;
		};
		54EB37572CB26002008B4EBF /* Debug */ = {
			isa = XCBuildConfiguration;
			buildSettings = {
				ALWAYS_SEARCH_USER_PATHS = NO;
				ASSETCATALOG_COMPILER_GENERATE_SWIFT_ASSET_SYMBOL_EXTENSIONS = YES;
				CLANG_ANALYZER_NONNULL = YES;
				CLANG_ANALYZER_NUMBER_OBJECT_CONVERSION = YES_AGGRESSIVE;
				CLANG_CXX_LANGUAGE_STANDARD = "gnu++20";
				CLANG_ENABLE_MODULES = YES;
				CLANG_ENABLE_OBJC_ARC = YES;
				CLANG_ENABLE_OBJC_WEAK = YES;
				CLANG_WARN_BLOCK_CAPTURE_AUTORELEASING = YES;
				CLANG_WARN_BOOL_CONVERSION = YES;
				CLANG_WARN_COMMA = YES;
				CLANG_WARN_CONSTANT_CONVERSION = YES;
				CLANG_WARN_DEPRECATED_OBJC_IMPLEMENTATIONS = YES;
				CLANG_WARN_DIRECT_OBJC_ISA_USAGE = YES_ERROR;
				CLANG_WARN_DOCUMENTATION_COMMENTS = YES;
				CLANG_WARN_EMPTY_BODY = YES;
				CLANG_WARN_ENUM_CONVERSION = YES;
				CLANG_WARN_INFINITE_RECURSION = YES;
				CLANG_WARN_INT_CONVERSION = YES;
				CLANG_WARN_NON_LITERAL_NULL_CONVERSION = YES;
				CLANG_WARN_OBJC_IMPLICIT_RETAIN_SELF = YES;
				CLANG_WARN_OBJC_LITERAL_CONVERSION = YES;
				CLANG_WARN_OBJC_ROOT_CLASS = YES_ERROR;
				CLANG_WARN_QUOTED_INCLUDE_IN_FRAMEWORK_HEADER = YES;
				CLANG_WARN_RANGE_LOOP_ANALYSIS = YES;
				CLANG_WARN_STRICT_PROTOTYPES = YES;
				CLANG_WARN_SUSPICIOUS_MOVE = YES;
				CLANG_WARN_UNGUARDED_AVAILABILITY = YES_AGGRESSIVE;
				CLANG_WARN_UNREACHABLE_CODE = YES;
				CLANG_WARN__DUPLICATE_METHOD_MATCH = YES;
				COPY_PHASE_STRIP = NO;
				DEBUG_INFORMATION_FORMAT = dwarf;
				ENABLE_STRICT_OBJC_MSGSEND = YES;
				ENABLE_TESTABILITY = YES;
				ENABLE_USER_SCRIPT_SANDBOXING = YES;
				GCC_C_LANGUAGE_STANDARD = gnu17;
				GCC_DYNAMIC_NO_PIC = NO;
				GCC_NO_COMMON_BLOCKS = YES;
				GCC_OPTIMIZATION_LEVEL = 0;
				GCC_PREPROCESSOR_DEFINITIONS = (
					"DEBUG=1",
					"$(inherited)",
				);
				GCC_WARN_64_TO_32_BIT_CONVERSION = YES;
				GCC_WARN_ABOUT_RETURN_TYPE = YES_ERROR;
				GCC_WARN_UNDECLARED_SELECTOR = YES;
				GCC_WARN_UNINITIALIZED_AUTOS = YES_AGGRESSIVE;
				GCC_WARN_UNUSED_FUNCTION = YES;
				GCC_WARN_UNUSED_VARIABLE = YES;
				IPHONEOS_DEPLOYMENT_TARGET = 17.0;
				LOCALIZATION_PREFERS_STRING_CATALOGS = YES;
				MTL_ENABLE_DEBUG_INFO = INCLUDE_SOURCE;
				MTL_FAST_MATH = YES;
				ONLY_ACTIVE_ARCH = YES;
				SDKROOT = iphoneos;
				SWIFT_ACTIVE_COMPILATION_CONDITIONS = "DEBUG $(inherited)";
				SWIFT_OPTIMIZATION_LEVEL = "-Onone";
			};
			name = Debug;
		};
		54EB37582CB26002008B4EBF /* Release */ = {
			isa = XCBuildConfiguration;
			buildSettings = {
				ALWAYS_SEARCH_USER_PATHS = NO;
				ASSETCATALOG_COMPILER_GENERATE_SWIFT_ASSET_SYMBOL_EXTENSIONS = YES;
				CLANG_ANALYZER_NONNULL = YES;
				CLANG_ANALYZER_NUMBER_OBJECT_CONVERSION = YES_AGGRESSIVE;
				CLANG_CXX_LANGUAGE_STANDARD = "gnu++20";
				CLANG_ENABLE_MODULES = YES;
				CLANG_ENABLE_OBJC_ARC = YES;
				CLANG_ENABLE_OBJC_WEAK = YES;
				CLANG_WARN_BLOCK_CAPTURE_AUTORELEASING = YES;
				CLANG_WARN_BOOL_CONVERSION = YES;
				CLANG_WARN_COMMA = YES;
				CLANG_WARN_CONSTANT_CONVERSION = YES;
				CLANG_WARN_DEPRECATED_OBJC_IMPLEMENTATIONS = YES;
				CLANG_WARN_DIRECT_OBJC_ISA_USAGE = YES_ERROR;
				CLANG_WARN_DOCUMENTATION_COMMENTS = YES;
				CLANG_WARN_EMPTY_BODY = YES;
				CLANG_WARN_ENUM_CONVERSION = YES;
				CLANG_WARN_INFINITE_RECURSION = YES;
				CLANG_WARN_INT_CONVERSION = YES;
				CLANG_WARN_NON_LITERAL_NULL_CONVERSION = YES;
				CLANG_WARN_OBJC_IMPLICIT_RETAIN_SELF = YES;
				CLANG_WARN_OBJC_LITERAL_CONVERSION = YES;
				CLANG_WARN_OBJC_ROOT_CLASS = YES_ERROR;
				CLANG_WARN_QUOTED_INCLUDE_IN_FRAMEWORK_HEADER = YES;
				CLANG_WARN_RANGE_LOOP_ANALYSIS = YES;
				CLANG_WARN_STRICT_PROTOTYPES = YES;
				CLANG_WARN_SUSPICIOUS_MOVE = YES;
				CLANG_WARN_UNGUARDED_AVAILABILITY = YES_AGGRESSIVE;
				CLANG_WARN_UNREACHABLE_CODE = YES;
				CLANG_WARN__DUPLICATE_METHOD_MATCH = YES;
				COPY_PHASE_STRIP = NO;
				DEBUG_INFORMATION_FORMAT = "dwarf-with-dsym";
				ENABLE_NS_ASSERTIONS = NO;
				ENABLE_STRICT_OBJC_MSGSEND = YES;
				ENABLE_USER_SCRIPT_SANDBOXING = YES;
				GCC_C_LANGUAGE_STANDARD = gnu17;
				GCC_NO_COMMON_BLOCKS = YES;
				GCC_WARN_64_TO_32_BIT_CONVERSION = YES;
				GCC_WARN_ABOUT_RETURN_TYPE = YES_ERROR;
				GCC_WARN_UNDECLARED_SELECTOR = YES;
				GCC_WARN_UNINITIALIZED_AUTOS = YES_AGGRESSIVE;
				GCC_WARN_UNUSED_FUNCTION = YES;
				GCC_WARN_UNUSED_VARIABLE = YES;
				IPHONEOS_DEPLOYMENT_TARGET = 17.0;
				LOCALIZATION_PREFERS_STRING_CATALOGS = YES;
				MTL_ENABLE_DEBUG_INFO = NO;
				MTL_FAST_MATH = YES;
				SDKROOT = iphoneos;
				SWIFT_COMPILATION_MODE = wholemodule;
				VALIDATE_PRODUCT = YES;
			};
			name = Release;
		};
		54EB375A2CB26002008B4EBF /* Debug */ = {
			isa = XCBuildConfiguration;
			buildSettings = {
				ASSETCATALOG_COMPILER_APPICON_NAME = AppIcon;
				ASSETCATALOG_COMPILER_GLOBAL_ACCENT_COLOR_NAME = AccentColor;
				CODE_SIGN_STYLE = Automatic;
				CURRENT_PROJECT_VERSION = 1;
				DEVELOPMENT_ASSET_PATHS = "\"WeatherStatus/Preview Content\"";
				DEVELOPMENT_TEAM = 4L2MSKX5Q6;
				ENABLE_PREVIEWS = YES;
				GENERATE_INFOPLIST_FILE = YES;
				INFOPLIST_KEY_UIApplicationSceneManifest_Generation = YES;
				INFOPLIST_KEY_UIApplicationSupportsIndirectInputEvents = YES;
				INFOPLIST_KEY_UILaunchScreen_Generation = YES;
				INFOPLIST_KEY_UISupportedInterfaceOrientations_iPad = "UIInterfaceOrientationPortrait UIInterfaceOrientationPortraitUpsideDown UIInterfaceOrientationLandscapeLeft UIInterfaceOrientationLandscapeRight";
				INFOPLIST_KEY_UISupportedInterfaceOrientations_iPhone = "UIInterfaceOrientationPortrait UIInterfaceOrientationLandscapeLeft UIInterfaceOrientationLandscapeRight";
				LD_RUNPATH_SEARCH_PATHS = (
					"$(inherited)",
					"@executable_path/Frameworks",
				);
				MARKETING_VERSION = 1.0;
				PRODUCT_BUNDLE_IDENTIFIER = com.mdo.ios.mdo.WeatherStatus;
				PRODUCT_NAME = "$(TARGET_NAME)";
				SWIFT_EMIT_LOC_STRINGS = YES;
				SWIFT_VERSION = 5.0;
				TARGETED_DEVICE_FAMILY = "1,2";
			};
			name = Debug;
		};
		54EB375B2CB26002008B4EBF /* Release */ = {
			isa = XCBuildConfiguration;
			buildSettings = {
				ASSETCATALOG_COMPILER_APPICON_NAME = AppIcon;
				ASSETCATALOG_COMPILER_GLOBAL_ACCENT_COLOR_NAME = AccentColor;
				CODE_SIGN_STYLE = Automatic;
				CURRENT_PROJECT_VERSION = 1;
				DEVELOPMENT_ASSET_PATHS = "\"WeatherStatus/Preview Content\"";
				DEVELOPMENT_TEAM = 4L2MSKX5Q6;
				ENABLE_PREVIEWS = YES;
				GENERATE_INFOPLIST_FILE = YES;
				INFOPLIST_KEY_UIApplicationSceneManifest_Generation = YES;
				INFOPLIST_KEY_UIApplicationSupportsIndirectInputEvents = YES;
				INFOPLIST_KEY_UILaunchScreen_Generation = YES;
				INFOPLIST_KEY_UISupportedInterfaceOrientations_iPad = "UIInterfaceOrientationPortrait UIInterfaceOrientationPortraitUpsideDown UIInterfaceOrientationLandscapeLeft UIInterfaceOrientationLandscapeRight";
				INFOPLIST_KEY_UISupportedInterfaceOrientations_iPhone = "UIInterfaceOrientationPortrait UIInterfaceOrientationLandscapeLeft UIInterfaceOrientationLandscapeRight";
				LD_RUNPATH_SEARCH_PATHS = (
					"$(inherited)",
					"@executable_path/Frameworks",
				);
				MARKETING_VERSION = 1.0;
				PRODUCT_BUNDLE_IDENTIFIER = com.mdo.ios.mdo.WeatherStatus;
				PRODUCT_NAME = "$(TARGET_NAME)";
				SWIFT_EMIT_LOC_STRINGS = YES;
				SWIFT_VERSION = 5.0;
				TARGETED_DEVICE_FAMILY = "1,2";
			};
			name = Release;
		};
/* End XCBuildConfiguration section */

/* Begin XCConfigurationList section */
		544B1F9F2CE3EA5F00887AAA /* Build configuration list for PBXNativeTarget "WeatherStatusTests" */ = {
			isa = XCConfigurationList;
			buildConfigurations = (
				544B1F9D2CE3EA5F00887AAA /* Debug */,
				544B1F9E2CE3EA5F00887AAA /* Release */,
			);
			defaultConfigurationIsVisible = 0;
			defaultConfigurationName = Release;
		};
		54EB37462CB26000008B4EBF /* Build configuration list for PBXProject "WeatherStatus" */ = {
			isa = XCConfigurationList;
			buildConfigurations = (
				54EB37572CB26002008B4EBF /* Debug */,
				54EB37582CB26002008B4EBF /* Release */,
			);
			defaultConfigurationIsVisible = 0;
			defaultConfigurationName = Release;
		};
		54EB37592CB26002008B4EBF /* Build configuration list for PBXNativeTarget "WeatherStatus" */ = {
			isa = XCConfigurationList;
			buildConfigurations = (
				54EB375A2CB26002008B4EBF /* Debug */,
				54EB375B2CB26002008B4EBF /* Release */,
			);
			defaultConfigurationIsVisible = 0;
			defaultConfigurationName = Release;
		};
/* End XCConfigurationList section */
	};
	rootObject = 54EB37432CB26000008B4EBF /* Project object */;
}
